PODS:
  - FlutterMacOS (1.0.0)
  - native_proxy_resolver (0.1.0):
    - Flutter
    - FlutterMacOS

DEPENDENCIES:
  - FlutterMacOS (from `Flutter/ephemeral`)
  - native_proxy_resolver (from `Flutter/ephemeral/.symlinks/plugins/native_proxy_resolver/darwin`)

EXTERNAL SOURCES:
  FlutterMacOS:
    :path: Flutter/ephemeral
  native_proxy_resolver:
    :path: Flutter/ephemeral/.symlinks/plugins/native_proxy_resolver/darwin

SPEC CHECKSUMS:
  FlutterMacOS: d0db08ddef1a9af05a5ec4b724367152bb0500b1
  native_proxy_resolver: a1aa2f13d0f1f9774858aa391547b8fc479e0d4b

PODFILE CHECKSUM: 54d867c82ac51cbd61b565781b9fada492027009

COCOAPODS: 1.16.2
